
Microsoft Visual Studio Solution File, Format Version 12.00
# Visual Studio Version 17
VisualStudioVersion = 17.8.34511.84
MinimumVisualStudioVersion = 10.0.40219.1
Project("{FAE04EC0-301F-11D3-BF4B-00C04F79EFBC}") = "Asigment4_1", "Asigment4_1\Asigment4_1.csproj", "{F87ED056-D478-405A-B007-4FD1FCA21711}"
EndProject
Global
	GlobalSection(SolutionConfigurationPlatforms) = preSolution
		Debug|Any CPU = Debug|Any CPU
		Release|Any CPU = Release|Any CPU
	EndGlobalSection
	GlobalSection(ProjectConfigurationPlatforms) = postSolution
		{F87ED056-D478-405A-B007-4FD1FCA21711}.Debug|Any CPU.ActiveCfg = Debug|Any CPU
		{F87ED056-D478-405A-B007-4FD1FCA21711}.Debug|Any CPU.Build.0 = Debug|Any CPU
		{F87ED056-D478-405A-B007-4FD1FCA21711}.Release|Any CPU.ActiveCfg = Release|Any CPU
		{F87ED056-D478-405A-B007-4FD1FCA21711}.Release|Any CPU.Build.0 = Release|Any CPU
	EndGlobalSection
	GlobalSection(SolutionProperties) = preSolution
		HideSolutionNode = FALSE
	EndGlobalSection
	GlobalSection(ExtensibilityGlobals) = postSolution
		SolutionGuid = {BFF14D61-7D73-4CEB-9403-BBEEECBB20AE}
	EndGlobalSection
EndGlobal
